# This file is automatically @generated by Poetry 1.7.1 and should not be changed by hand.

[[package]]
name = "aiofiles"
version = "23.2.1"
description = "File support for asyncio."
optional = false
python-versions = ">=3.7"
files = [
    {file = "aiofiles-23.2.1-py3-none-any.whl", hash = "sha256:19297512c647d4b27a2cf7c34caa7e405c0d60b5560618a29a9fe027b18b0107"},
    {file = "aiofiles-23.2.1.tar.gz", hash = "sha256:84ec2218d8419404abcb9f0c02df3f34c6e0a68ed41072acfb1cef5cbc29051a"},
]

[[package]]
name = "anyio"
version = "4.3.0"
description = "High level compatibility layer for multiple asynchronous event loop implementations"
optional = false
python-versions = ">=3.8"
files = [
    {file = "anyio-4.3.0-py3-none-any.whl", hash = "sha256:048e05d0f6caeed70d731f3db756d35dcc1f35747c8c403364a8332c630441b8"},
    {file = "anyio-4.3.0.tar.gz", hash = "sha256:f75253795a87df48568485fd18cdd2a3fa5c4f7c5be8e5e36637733fce06fed6"},
]

[package.dependencies]
idna = ">=2.8"
sniffio = ">=1.1"

[package.extras]
doc = ["Sphinx (>=7)", "packaging", "sphinx-autodoc-typehints (>=1.2.0)", "sphinx-rtd-theme"]
test = ["anyio[trio]", "coverage[toml] (>=7)", "exceptiongroup (>=1.2.0)", "hypothesis (>=4.0)", "psutil (>=5.9)", "pytest (>=7.0)", "pytest-mock (>=3.6.1)", "trustme", "uvloop (>=0.17)"]
trio = ["trio (>=0.23)"]

[[package]]
name = "certifi"
version = "2024.2.2"
description = "Python package for providing Mozilla's CA Bundle."
optional = false
python-versions = ">=3.6"
files = [
    {file = "certifi-2024.2.2-py3-none-any.whl", hash = "sha256:dc383c07b76109f368f6106eee2b593b04a011ea4d55f652c6ca24a754d1cdd1"},
    {file = "certifi-2024.2.2.tar.gz", hash = "sha256:0569859f95fc761b18b45ef421b1290a0f65f147e92a1e5eb3e635f9a5e4e66f"},
]

[[package]]
name = "fake-useragent"
version = "1.5.1"
description = "Up-to-date simple useragent faker with real world database"
optional = false
python-versions = "*"
files = [
    {file = "fake-useragent-1.5.1.tar.gz", hash = "sha256:6387269f5a2196b5ba7ed8935852f75486845a1c95c50e72460e6a8e762f5c49"},
    {file = "fake_useragent-1.5.1-py3-none-any.whl", hash = "sha256:57415096557c8a4e23b62a375c21c55af5fd4ba30549227f562d2c4f5b60e3b3"},
]

[[package]]
name = "greenlet"
version = "3.0.3"
description = "Lightweight in-process concurrent programming"
optional = false
python-versions = ">=3.7"
files = [
    {file = "greenlet-3.0.3-cp310-cp310-macosx_11_0_universal2.whl", hash = "sha256:9da2bd29ed9e4f15955dd1595ad7bc9320308a3b766ef7f837e23ad4b4aac31a"},
    {file = "greenlet-3.0.3-cp310-cp310-manylinux_2_17_aarch64.manylinux2014_aarch64.whl", hash = "sha256:d353cadd6083fdb056bb46ed07e4340b0869c305c8ca54ef9da3421acbdf6881"},
    {file = "greenlet-3.0.3-cp310-cp310-manylinux_2_17_ppc64le.manylinux2014_ppc64le.whl", hash = "sha256:dca1e2f3ca00b84a396bc1bce13dd21f680f035314d2379c4160c98153b2059b"},
    {file = "greenlet-3.0.3-cp310-cp310-manylinux_2_17_s390x.manylinux2014_s390x.whl", hash = "sha256:3ed7fb269f15dc662787f4119ec300ad0702fa1b19d2135a37c2c4de6fadfd4a"},
    {file = "greenlet-3.0.3-cp310-cp310-manylinux_2_17_x86_64.manylinux2014_x86_64.whl", hash = "sha256:dd4f49ae60e10adbc94b45c0b5e6a179acc1736cf7a90160b404076ee283cf83"},
    {file = "greenlet-3.0.3-cp310-cp310-manylinux_2_24_x86_64.manylinux_2_28_x86_64.whl", hash = "sha256:73a411ef564e0e097dbe7e866bb2dda0f027e072b04da387282b02c308807405"},
    {file = "greenlet-3.0.3-cp310-cp310-musllinux_1_1_aarch64.whl", hash = "sha256:7f362975f2d179f9e26928c5b517524e89dd48530a0202570d55ad6ca5d8a56f"},
    {file = "greenlet-3.0.3-cp310-cp310-musllinux_1_1_x86_64.whl", hash = "sha256:649dde7de1a5eceb258f9cb00bdf50e978c9db1b996964cd80703614c86495eb"},
    {file = "greenlet-3.0.3-cp310-cp310-win_amd64.whl", hash = "sha256:68834da854554926fbedd38c76e60c4a2e3198c6fbed520b106a8986445caaf9"},
    {file = "greenlet-3.0.3-cp311-cp311-macosx_11_0_universal2.whl", hash = "sha256:b1b5667cced97081bf57b8fa1d6bfca67814b0afd38208d52538316e9422fc61"},
    {file = "greenlet-3.0.3-cp311-cp311-manylinux_2_17_aarch64.manylinux2014_aarch64.whl", hash = "sha256:52f59dd9c96ad2fc0d5724107444f76eb20aaccb675bf825df6435acb7703559"},
    {file = "greenlet-3.0.3-cp311-cp311-manylinux_2_17_ppc64le.manylinux2014_ppc64le.whl", hash = "sha256:afaff6cf5200befd5cec055b07d1c0a5a06c040fe5ad148abcd11ba6ab9b114e"},
    {file = "greenlet-3.0.3-cp311-cp311-manylinux_2_17_s390x.manylinux2014_s390x.whl", hash = "sha256:fe754d231288e1e64323cfad462fcee8f0288654c10bdf4f603a39ed923bef33"},
    {file = "greenlet-3.0.3-cp311-cp311-manylinux_2_17_x86_64.manylinux2014_x86_64.whl", hash = "sha256:2797aa5aedac23af156bbb5a6aa2cd3427ada2972c828244eb7d1b9255846379"},
    {file = "greenlet-3.0.3-cp311-cp311-manylinux_2_24_x86_64.manylinux_2_28_x86_64.whl", hash = "sha256:b7f009caad047246ed379e1c4dbcb8b020f0a390667ea74d2387be2998f58a22"},
    {file = "greenlet-3.0.3-cp311-cp311-musllinux_1_1_aarch64.whl", hash = "sha256:c5e1536de2aad7bf62e27baf79225d0d64360d4168cf2e6becb91baf1ed074f3"},
    {file = "greenlet-3.0.3-cp311-cp311-musllinux_1_1_x86_64.whl", hash = "sha256:894393ce10ceac937e56ec00bb71c4c2f8209ad516e96033e4b3b1de270e200d"},
    {file = "greenlet-3.0.3-cp311-cp311-win_amd64.whl", hash = "sha256:1ea188d4f49089fc6fb283845ab18a2518d279c7cd9da1065d7a84e991748728"},
    {file = "greenlet-3.0.3-cp312-cp312-macosx_11_0_universal2.whl", hash = "sha256:70fb482fdf2c707765ab5f0b6655e9cfcf3780d8d87355a063547b41177599be"},
    {file = "greenlet-3.0.3-cp312-cp312-manylinux_2_17_aarch64.manylinux2014_aarch64.whl", hash = "sha256:d4d1ac74f5c0c0524e4a24335350edad7e5f03b9532da7ea4d3c54d527784f2e"},
    {file = "greenlet-3.0.3-cp312-cp312-manylinux_2_17_ppc64le.manylinux2014_ppc64le.whl", hash = "sha256:149e94a2dd82d19838fe4b2259f1b6b9957d5ba1b25640d2380bea9c5df37676"},
    {file = "greenlet-3.0.3-cp312-cp312-manylinux_2_17_s390x.manylinux2014_s390x.whl", hash = "sha256:15d79dd26056573940fcb8c7413d84118086f2ec1a8acdfa854631084393efcc"},
    {file = "greenlet-3.0.3-cp312-cp312-manylinux_2_17_x86_64.manylinux2014_x86_64.whl", hash = "sha256:881b7db1ebff4ba09aaaeae6aa491daeb226c8150fc20e836ad00041bcb11230"},
    {file = "greenlet-3.0.3-cp312-cp312-manylinux_2_24_x86_64.manylinux_2_28_x86_64.whl", hash = "sha256:fcd2469d6a2cf298f198f0487e0a5b1a47a42ca0fa4dfd1b6862c999f018ebbf"},
    {file = "greenlet-3.0.3-cp312-cp312-musllinux_1_1_aarch64.whl", hash = "sha256:1f672519db1796ca0d8753f9e78ec02355e862d0998193038c7073045899f305"},
    {file = "greenlet-3.0.3-cp312-cp312-musllinux_1_1_x86_64.whl", hash = "sha256:2516a9957eed41dd8f1ec0c604f1cdc86758b587d964668b5b196a9db5bfcde6"},
    {file = "greenlet-3.0.3-cp312-cp312-win_amd64.whl", hash = "sha256:bba5387a6975598857d86de9eac14210a49d554a77eb8261cc68b7d082f78ce2"},
    {file = "greenlet-3.0.3-cp37-cp37m-macosx_11_0_universal2.whl", hash = "sha256:5b51e85cb5ceda94e79d019ed36b35386e8c37d22f07d6a751cb659b180d5274"},
    {file = "greenlet-3.0.3-cp37-cp37m-manylinux_2_17_aarch64.manylinux2014_aarch64.whl", hash = "sha256:daf3cb43b7cf2ba96d614252ce1684c1bccee6b2183a01328c98d36fcd7d5cb0"},
    {file = "greenlet-3.0.3-cp37-cp37m-manylinux_2_17_ppc64le.manylinux2014_ppc64le.whl", hash = "sha256:99bf650dc5d69546e076f413a87481ee1d2d09aaaaaca058c9251b6d8c14783f"},
    {file = "greenlet-3.0.3-cp37-cp37m-manylinux_2_17_s390x.manylinux2014_s390x.whl", hash = "sha256:2dd6e660effd852586b6a8478a1d244b8dc90ab5b1321751d2ea15deb49ed414"},
    {file = "greenlet-3.0.3-cp37-cp37m-manylinux_2_17_x86_64.manylinux2014_x86_64.whl", hash = "sha256:e3391d1e16e2a5a1507d83e4a8b100f4ee626e8eca43cf2cadb543de69827c4c"},
    {file = "greenlet-3.0.3-cp37-cp37m-manylinux_2_24_x86_64.manylinux_2_28_x86_64.whl", hash = "sha256:e1f145462f1fa6e4a4ae3c0f782e580ce44d57c8f2c7aae1b6fa88c0b2efdb41"},
    {file = "greenlet-3.0.3-cp37-cp37m-musllinux_1_1_aarch64.whl", hash = "sha256:1a7191e42732df52cb5f39d3527217e7ab73cae2cb3694d241e18f53d84ea9a7"},
    {file = "greenlet-3.0.3-cp37-cp37m-musllinux_1_1_x86_64.whl", hash = "sha256:0448abc479fab28b00cb472d278828b3ccca164531daab4e970a0458786055d6"},
    {file = "greenlet-3.0.3-cp37-cp37m-win32.whl", hash = "sha256:b542be2440edc2d48547b5923c408cbe0fc94afb9f18741faa6ae970dbcb9b6d"},
    {file = "greenlet-3.0.3-cp37-cp37m-win_amd64.whl", hash = "sha256:01bc7ea167cf943b4c802068e178bbf70ae2e8c080467070d01bfa02f337ee67"},
    {file = "greenlet-3.0.3-cp38-cp38-macosx_11_0_universal2.whl", hash = "sha256:1996cb9306c8595335bb157d133daf5cf9f693ef413e7673cb07e3e5871379ca"},
    {file = "greenlet-3.0.3-cp38-cp38-manylinux_2_17_aarch64.manylinux2014_aarch64.whl", hash = "sha256:3ddc0f794e6ad661e321caa8d2f0a55ce01213c74722587256fb6566049a8b04"},
    {file = "greenlet-3.0.3-cp38-cp38-manylinux_2_17_ppc64le.manylinux2014_ppc64le.whl", hash = "sha256:c9db1c18f0eaad2f804728c67d6c610778456e3e1cc4ab4bbd5eeb8e6053c6fc"},
    {file = "greenlet-3.0.3-cp38-cp38-manylinux_2_17_s390x.manylinux2014_s390x.whl", hash = "sha256:7170375bcc99f1a2fbd9c306f5be8764eaf3ac6b5cb968862cad4c7057756506"},
    {file = "greenlet-3.0.3-cp38-cp38-manylinux_2_17_x86_64.manylinux2014_x86_64.whl", hash = "sha256:6b66c9c1e7ccabad3a7d037b2bcb740122a7b17a53734b7d72a344ce39882a1b"},
    {file = "greenlet-3.0.3-cp38-cp38-manylinux_2_24_x86_64.manylinux_2_28_x86_64.whl", hash = "sha256:098d86f528c855ead3479afe84b49242e174ed262456c342d70fc7f972bc13c4"},
    {file = "greenlet-3.0.3-cp38-cp38-musllinux_1_1_aarch64.whl", hash = "sha256:81bb9c6d52e8321f09c3d165b2a78c680506d9af285bfccbad9fb7ad5a5da3e5"},
    {file = "greenlet-3.0.3-cp38-cp38-musllinux_1_1_x86_64.whl", hash = "sha256:fd096eb7ffef17c456cfa587523c5f92321ae02427ff955bebe9e3c63bc9f0da"},
    {file = "greenlet-3.0.3-cp38-cp38-win32.whl", hash = "sha256:d46677c85c5ba00a9cb6f7a00b2bfa6f812192d2c9f7d9c4f6a55b60216712f3"},
    {file = "greenlet-3.0.3-cp38-cp38-win_amd64.whl", hash = "sha256:419b386f84949bf0e7c73e6032e3457b82a787c1ab4a0e43732898a761cc9dbf"},
    {file = "greenlet-3.0.3-cp39-cp39-macosx_11_0_universal2.whl", hash = "sha256:da70d4d51c8b306bb7a031d5cff6cc25ad253affe89b70352af5f1cb68e74b53"},
    {file = "greenlet-3.0.3-cp39-cp39-manylinux_2_17_aarch64.manylinux2014_aarch64.whl", hash = "sha256:086152f8fbc5955df88382e8a75984e2bb1c892ad2e3c80a2508954e52295257"},
    {file = "greenlet-3.0.3-cp39-cp39-manylinux_2_17_ppc64le.manylinux2014_ppc64le.whl", hash = "sha256:d73a9fe764d77f87f8ec26a0c85144d6a951a6c438dfe50487df5595c6373eac"},
    {file = "greenlet-3.0.3-cp39-cp39-manylinux_2_17_s390x.manylinux2014_s390x.whl", hash = "sha256:b7dcbe92cc99f08c8dd11f930de4d99ef756c3591a5377d1d9cd7dd5e896da71"},
    {file = "greenlet-3.0.3-cp39-cp39-manylinux_2_17_x86_64.manylinux2014_x86_64.whl", hash = "sha256:1551a8195c0d4a68fac7a4325efac0d541b48def35feb49d803674ac32582f61"},
    {file = "greenlet-3.0.3-cp39-cp39-manylinux_2_24_x86_64.manylinux_2_28_x86_64.whl", hash = "sha256:64d7675ad83578e3fc149b617a444fab8efdafc9385471f868eb5ff83e446b8b"},
    {file = "greenlet-3.0.3-cp39-cp39-musllinux_1_1_aarch64.whl", hash = "sha256:b37eef18ea55f2ffd8f00ff8fe7c8d3818abd3e25fb73fae2ca3b672e333a7a6"},
    {file = "greenlet-3.0.3-cp39-cp39-musllinux_1_1_x86_64.whl", hash = "sha256:77457465d89b8263bca14759d7c1684df840b6811b2499838cc5b040a8b5b113"},
    {file = "greenlet-3.0.3-cp39-cp39-win32.whl", hash = "sha256:57e8974f23e47dac22b83436bdcf23080ade568ce77df33159e019d161ce1d1e"},
    {file = "greenlet-3.0.3-cp39-cp39-win_amd64.whl", hash = "sha256:c5ee858cfe08f34712f548c3c363e807e7186f03ad7a5039ebadb29e8c6be067"},
    {file = "greenlet-3.0.3.tar.gz", hash = "sha256:43374442353259554ce33599da8b692d5aa96f8976d567d4badf263371fbe491"},
]

[package.extras]
docs = ["Sphinx", "furo"]
test = ["objgraph", "psutil"]

[[package]]
name = "h11"
version = "0.14.0"
description = "A pure-Python, bring-your-own-I/O implementation of HTTP/1.1"
optional = false
python-versions = ">=3.7"
files = [
    {file = "h11-0.14.0-py3-none-any.whl", hash = "sha256:e3fe4ac4b851c468cc8363d500db52c2ead036020723024a109d37346efaa761"},
    {file = "h11-0.14.0.tar.gz", hash = "sha256:8f19fbbe99e72420ff35c00b27a34cb9937e902a8b810e2c88300c6f0a3b699d"},
]

[[package]]
name = "httpcore"
version = "1.0.5"
description = "A minimal low-level HTTP client."
optional = false
python-versions = ">=3.8"
files = [
    {file = "httpcore-1.0.5-py3-none-any.whl", hash = "sha256:421f18bac248b25d310f3cacd198d55b8e6125c107797b609ff9b7a6ba7991b5"},
    {file = "httpcore-1.0.5.tar.gz", hash = "sha256:34a38e2f9291467ee3b44e89dd52615370e152954ba21721378a87b2960f7a61"},
]

[package.dependencies]
certifi = "*"
h11 = ">=0.13,<0.15"

[package.extras]
asyncio = ["anyio (>=4.0,<5.0)"]
http2 = ["h2 (>=3,<5)"]
socks = ["socksio (==1.*)"]
trio = ["trio (>=0.22.0,<0.26.0)"]

[[package]]
name = "httpx"
version = "0.27.0"
description = "The next generation HTTP client."
optional = false
python-versions = ">=3.8"
files = [
    {file = "httpx-0.27.0-py3-none-any.whl", hash = "sha256:71d5465162c13681bff01ad59b2cc68dd838ea1f10e51574bac27103f00c91a5"},
    {file = "httpx-0.27.0.tar.gz", hash = "sha256:a0cb88a46f32dc874e04ee956e4c2764aba2aa228f650b06788ba6bda2962ab5"},
]

[package.dependencies]
anyio = "*"
certifi = "*"
httpcore = "==1.*"
idna = "*"
sniffio = "*"

[package.extras]
brotli = ["brotli", "brotlicffi"]
cli = ["click (==8.*)", "pygments (==2.*)", "rich (>=10,<14)"]
http2 = ["h2 (>=3,<5)"]
socks = ["socksio (==1.*)"]

[[package]]
name = "idna"
version = "3.7"
description = "Internationalized Domain Names in Applications (IDNA)"
optional = false
python-versions = ">=3.5"
files = [
    {file = "idna-3.7-py3-none-any.whl", hash = "sha256:82fee1fc78add43492d3a1898bfa6d8a904cc97d8427f683ed8e798d07761aa0"},
    {file = "idna-3.7.tar.gz", hash = "sha256:028ff3aadf0609c1fd278d8ea3089299412a7a8b9bd005dd08b9f8285bcb5cfc"},
]

[[package]]
name = "logging"
version = "0.4.9.6"
description = "A logging module for Python"
optional = false
python-versions = "*"
files = [
    {file = "logging-0.4.9.6.tar.gz", hash = "sha256:26f6b50773f085042d301085bd1bf5d9f3735704db9f37c1ce6d8b85c38f2417"},
]

[[package]]
name = "playwright"
version = "1.43.0"
description = "A high-level API to automate web browsers"
optional = false
python-versions = ">=3.8"
files = [
    {file = "playwright-1.43.0-py3-none-macosx_10_13_x86_64.whl", hash = "sha256:b03b12bd4da9c2cfb78dff820deac8b52892fe3c2f89a4d95d6f08c59e41deb9"},
    {file = "playwright-1.43.0-py3-none-macosx_11_0_arm64.whl", hash = "sha256:e9ec21b141727392f630761c7f4dec46d80c98243614257cc501b64ff636d337"},
    {file = "playwright-1.43.0-py3-none-macosx_11_0_universal2.whl", hash = "sha256:e05a8d8fb2040c630429cca07e843c8fa33059717837c8f50c01b7d1fc651ce1"},
    {file = "playwright-1.43.0-py3-none-manylinux1_x86_64.whl", hash = "sha256:50d9a5c07c76456945a2296d63f78fdf6eb11aed3e8d39bb5ccbda760a8d6d41"},
    {file = "playwright-1.43.0-py3-none-manylinux_2_17_aarch64.manylinux2014_aarch64.whl", hash = "sha256:87191272c40b4c282cf2c9449ca3acaf705f38ac6e2372270f1617ce16b661b8"},
    {file = "playwright-1.43.0-py3-none-win32.whl", hash = "sha256:bd8b818904b17e2914be23e7bc2a340b203f57fe81678520b10f908485b056ea"},
    {file = "playwright-1.43.0-py3-none-win_amd64.whl", hash = "sha256:9b7bd707eeeaebee47f656b2de90aa9bd85e9ca2c6af7a08efd73896299e4d50"},
]

[package.dependencies]
greenlet = "3.0.3"
pyee = "11.1.0"

[[package]]
name = "pyee"
version = "11.1.0"
description = "A rough port of Node.js's EventEmitter to Python with a few tricks of its own"
optional = false
python-versions = ">=3.8"
files = [
    {file = "pyee-11.1.0-py3-none-any.whl", hash = "sha256:5d346a7d0f861a4b2e6c47960295bd895f816725b27d656181947346be98d7c1"},
    {file = "pyee-11.1.0.tar.gz", hash = "sha256:b53af98f6990c810edd9b56b87791021a8f54fd13db4edd1142438d44ba2263f"},
]

[package.dependencies]
typing-extensions = "*"

[package.extras]
dev = ["black", "build", "flake8", "flake8-black", "isort", "jupyter-console", "mkdocs", "mkdocs-include-markdown-plugin", "mkdocstrings[python]", "pytest", "pytest-asyncio", "pytest-trio", "sphinx", "toml", "tox", "trio", "trio", "trio-typing", "twine", "twisted", "validate-pyproject[all]"]

[[package]]
name = "selectolax"
version = "0.3.21"
description = "Fast HTML5 parser with CSS selectors."
optional = false
python-versions = "*"
files = [
    {file = "selectolax-0.3.21-cp310-cp310-macosx_10_9_universal2.whl", hash = "sha256:7be91179992b9f2da6bca64b9e853b0a89582c6ea8c8efa89be956409c2df03c"},
    {file = "selectolax-0.3.21-cp310-cp310-macosx_10_9_x86_64.whl", hash = "sha256:635714e93669b04c96fefa97ce6dbd4bd1a64970854e6be857a43b1a7826039a"},
    {file = "selectolax-0.3.21-cp310-cp310-manylinux_2_17_aarch64.manylinux2014_aarch64.whl", hash = "sha256:652fc8fc0432979fa5d17de715ea9183bef5255875868fb4e273c999c57c82dc"},
    {file = "selectolax-0.3.21-cp310-cp310-manylinux_2_17_x86_64.manylinux2014_x86_64.whl", hash = "sha256:00160ecbc94604ef98e162627a56ea0fd76940580dbe291371a618dd3fe0fff4"},
    {file = "selectolax-0.3.21-cp310-cp310-manylinux_2_5_i686.manylinux1_i686.manylinux_2_17_i686.manylinux2014_i686.whl", hash = "sha256:8dbbd5c3a6070665d5956fd49fe1c4b6008179a3ce6e5dcf7c22276697b9674c"},
    {file = "selectolax-0.3.21-cp310-cp310-musllinux_1_1_aarch64.whl", hash = "sha256:e6de18a9dfbbc623fd5089666e60b3468d803d70aa594c5bee00d70a5c33cada"},
    {file = "selectolax-0.3.21-cp310-cp310-musllinux_1_1_i686.whl", hash = "sha256:a41ce2b035c7fed60dd54dedcc4c153fdc82970f873bed02966b9abf8559aa67"},
    {file = "selectolax-0.3.21-cp310-cp310-musllinux_1_1_x86_64.whl", hash = "sha256:b817137ca58dccc4770d1df41fd674c1061c0f810ca46c8afda5c3146590a6b3"},
    {file = "selectolax-0.3.21-cp310-cp310-win32.whl", hash = "sha256:0809bcecadea894e0c77654ac814bc92d58cbbc4c93892408fe49d078a312974"},
    {file = "selectolax-0.3.21-cp310-cp310-win_amd64.whl", hash = "sha256:2c0687054a9d8408c6cb748839471235b62df07bd9a6d8ebca576337218300c6"},
    {file = "selectolax-0.3.21-cp311-cp311-macosx_10_9_universal2.whl", hash = "sha256:5d28c82c601f1b28b1f3d7bd7f75c319682d777c11f2a49520edf6361dbe6d89"},
    {file = "selectolax-0.3.21-cp311-cp311-macosx_10_9_x86_64.whl", hash = "sha256:5c52cd8a6048a0837694c59ed5a6c33f9e48312a8f7f4db99c09c2a890a59466"},
    {file = "selectolax-0.3.21-cp311-cp311-manylinux_2_17_aarch64.manylinux2014_aarch64.whl", hash = "sha256:712eaeec13136d6d0a0fce8494b538838d6a424c5a1c8fc865b524b3b8d17d33"},
    {file = "selectolax-0.3.21-cp311-cp311-manylinux_2_17_x86_64.manylinux2014_x86_64.whl", hash = "sha256:cce7dead273370c572797b36bdf55c8a57f3232334555864f3e8c5c2bcfae8e0"},
    {file = "selectolax-0.3.21-cp311-cp311-manylinux_2_5_i686.manylinux1_i686.manylinux_2_17_i686.manylinux2014_i686.whl", hash = "sha256:58ed7fba0fd763f7505200fa0b26d896c0dbef2eabdd0a240f0c4abbaf583925"},
    {file = "selectolax-0.3.21-cp311-cp311-musllinux_1_1_aarch64.whl", hash = "sha256:09feb7b9bea4855ead57f4954fe4f2515d4e7c04e38eb58f4be494188b7467a1"},
    {file = "selectolax-0.3.21-cp311-cp311-musllinux_1_1_i686.whl", hash = "sha256:e2dbc29a1b990c75e143bc0ed1a2ac7c4f995584cedf9418af1284ed19978d75"},
    {file = "selectolax-0.3.21-cp311-cp311-musllinux_1_1_x86_64.whl", hash = "sha256:d484f88e15c0ce0b00a98f347632de2b32a39acee7f519b86fe75cf0c2f7cf94"},
    {file = "selectolax-0.3.21-cp311-cp311-win32.whl", hash = "sha256:420eeb44bb7391731472305a2100b7300a5afc815f245c1c786e977b4d721ee0"},
    {file = "selectolax-0.3.21-cp311-cp311-win_amd64.whl", hash = "sha256:687fad57c17c04ef744f6689cc68d29fc4029b0dad8a7e26cdac4b81e8fafb74"},
    {file = "selectolax-0.3.21-cp312-cp312-macosx_10_9_universal2.whl", hash = "sha256:f07fe837da86fcfe7223652c311f55f2062923ad9fbe12142cf8d948539a35a0"},
    {file = "selectolax-0.3.21-cp312-cp312-macosx_10_9_x86_64.whl", hash = "sha256:2a3bdb30f63ac192058070190af887b05e15a0c45d082a86fdd38af96b65a6e0"},
    {file = "selectolax-0.3.21-cp312-cp312-manylinux_2_17_aarch64.manylinux2014_aarch64.whl", hash = "sha256:ec7950fde98c1731b1cb4e2e396cfc177cdfe98dbd9f8d04748a75f1dcaff5c5"},
    {file = "selectolax-0.3.21-cp312-cp312-manylinux_2_17_x86_64.manylinux2014_x86_64.whl", hash = "sha256:72e0dc806998f2108e65bbaf1f4a1d2a5079a9fc6c4ee848d3da2cbacef47d8c"},
    {file = "selectolax-0.3.21-cp312-cp312-manylinux_2_5_i686.manylinux1_i686.manylinux_2_17_i686.manylinux2014_i686.whl", hash = "sha256:335bb8ffc6d49bf46f8299bdcb415b039674ebfe86ffd4826a132f810ae31e51"},
    {file = "selectolax-0.3.21-cp312-cp312-musllinux_1_1_aarch64.whl", hash = "sha256:c5055b97b29e1357a836beab2799691660d5aa4d33805ce7a1e4fd73ecdfdff4"},
    {file = "selectolax-0.3.21-cp312-cp312-musllinux_1_1_i686.whl", hash = "sha256:5a56ce8b48c9f6cadbaa7aaa2364bdc6eb90bff5acfda7a8b82c815d99598a7b"},
    {file = "selectolax-0.3.21-cp312-cp312-musllinux_1_1_x86_64.whl", hash = "sha256:f7bc18ad43633377defc013589e386a30af8695828bbe2c7f711c8ee8a9ca812"},
    {file = "selectolax-0.3.21-cp312-cp312-win32.whl", hash = "sha256:0561b8675fb562198d760bbf904d46e751172f8e5040d57121d65039a9acd21c"},
    {file = "selectolax-0.3.21-cp312-cp312-win_amd64.whl", hash = "sha256:d38fc69f3c4b06f233e07adbca0e3d58aecc3cdb3d9a72436f64fc0c6d8fa30f"},
    {file = "selectolax-0.3.21-cp37-cp37m-macosx_10_9_x86_64.whl", hash = "sha256:79c203a4bdd7642f5b986a8ec121606f01d8a6496c7a2550621bec67a7470221"},
    {file = "selectolax-0.3.21-cp37-cp37m-manylinux_2_17_x86_64.manylinux2014_x86_64.whl", hash = "sha256:f0d2fec2ee41b1d7cf146970b09ad04d0ddeaf9947bd55cd4504a38b7bc6322b"},
    {file = "selectolax-0.3.21-cp37-cp37m-manylinux_2_5_i686.manylinux1_i686.manylinux_2_17_i686.manylinux2014_i686.whl", hash = "sha256:e642adf208b20b3887bfca8e249867b0441bdd238eda026e17c523d3fc30500b"},
    {file = "selectolax-0.3.21-cp37-cp37m-musllinux_1_1_i686.whl", hash = "sha256:54efd47eaea31b89c955a93383f4eb6d975abdb445e6721f9a49ca2141f385b0"},
    {file = "selectolax-0.3.21-cp37-cp37m-musllinux_1_1_x86_64.whl", hash = "sha256:462ac9bffcea5c34ab4d9f6720916deec3edbb45669ccd3257d930a330d55419"},
    {file = "selectolax-0.3.21-cp37-cp37m-win32.whl", hash = "sha256:8b3700ca92b288442cd29cc499c9f0deff317c413dbb274ea08a8b4a02e0258f"},
    {file = "selectolax-0.3.21-cp37-cp37m-win_amd64.whl", hash = "sha256:c60d2ec8285b242f799ec7de8b6d7dda987f05de2a5012f64fce0ce4fd645b3b"},
    {file = "selectolax-0.3.21-cp38-cp38-macosx_10_9_universal2.whl", hash = "sha256:d1a4842818e5659cb753f2f1d49885497680e0904fdd3db4eb97771cc241ef2d"},
    {file = "selectolax-0.3.21-cp38-cp38-macosx_10_9_x86_64.whl", hash = "sha256:9a38ce752404e399e45f5978b64a58fdea09e8b4647beea7c014b3602f7ed5f0"},
    {file = "selectolax-0.3.21-cp38-cp38-manylinux_2_17_x86_64.manylinux2014_x86_64.whl", hash = "sha256:5851c23585618ae7ff24ba4c8a718d0c5e027523b3c0f62e74047b9e385339aa"},
    {file = "selectolax-0.3.21-cp38-cp38-manylinux_2_5_i686.manylinux1_i686.manylinux_2_17_i686.manylinux2014_i686.whl", hash = "sha256:1e3ec204cc3819a1fa8fdfde99cc1c65793d954bca9f6e4e7007267951c15b38"},
    {file = "selectolax-0.3.21-cp38-cp38-musllinux_1_1_i686.whl", hash = "sha256:a3c6a39b00cf27dcb9e4644ef6e729cd43d9c20e928acecaa118045bcc9a166f"},
    {file = "selectolax-0.3.21-cp38-cp38-musllinux_1_1_x86_64.whl", hash = "sha256:ca5ffd105762c61c6300562036f7d9d90dce007a32b4bd8ee2a33fb7399e0fdc"},
    {file = "selectolax-0.3.21-cp38-cp38-win32.whl", hash = "sha256:a802e3b630cb55d92fe5aee8091e7b337fbe4f67872dde936912ffc9d149ee4a"},
    {file = "selectolax-0.3.21-cp38-cp38-win_amd64.whl", hash = "sha256:636711ed17609b0f6c120ac147bdffd7960b57c14f52746ea8b3ceb549fa4622"},
    {file = "selectolax-0.3.21-cp39-cp39-macosx_10_9_universal2.whl", hash = "sha256:7a04e9cf87f9bcdd6418e0462e8a190a5567c33989966257433da7cd8cc907c4"},
    {file = "selectolax-0.3.21-cp39-cp39-macosx_10_9_x86_64.whl", hash = "sha256:ae41d1d5eaabf94548c64bee4652c16a7b66e41398522626f006d70522f1f5f2"},
    {file = "selectolax-0.3.21-cp39-cp39-manylinux_2_17_aarch64.manylinux2014_aarch64.whl", hash = "sha256:eeca4492ee12b4e873437531df3d858b6970f1dd8c0c2c88fa99281735e864a6"},
    {file = "selectolax-0.3.21-cp39-cp39-manylinux_2_17_x86_64.manylinux2014_x86_64.whl", hash = "sha256:57904e1b22b8257ea4d8bda090321cd23d4e00595a257bb74500bf42701b7120"},
    {file = "selectolax-0.3.21-cp39-cp39-manylinux_2_5_i686.manylinux1_i686.manylinux_2_17_i686.manylinux2014_i686.whl", hash = "sha256:252881a79f354efb355db8dac1aa2022068b5faa5d6d0e8dd384bb79b2480e96"},
    {file = "selectolax-0.3.21-cp39-cp39-musllinux_1_1_aarch64.whl", hash = "sha256:79f99c273f0f0d06763d786c9fc67a763e3176e85b60e3e2bddb9f6b53380771"},
    {file = "selectolax-0.3.21-cp39-cp39-musllinux_1_1_i686.whl", hash = "sha256:55c52a40df576a355b6a7b580b779efe98cf8b603a23709c556e000eee0875f5"},
    {file = "selectolax-0.3.21-cp39-cp39-musllinux_1_1_x86_64.whl", hash = "sha256:c3d309b7c47cbf53a6655ce74e0bffd076b67b990bd2941487f368584048d48c"},
    {file = "selectolax-0.3.21-cp39-cp39-win32.whl", hash = "sha256:7f12f7c2091ce7ef302e4c70ace4273551bee3ccfeacf708e786eb6114e97104"},
    {file = "selectolax-0.3.21-cp39-cp39-win_amd64.whl", hash = "sha256:b2cc8d49da1cf06c6052508d052e425a544dbbffd4ea137cc9ec522d3560c32d"},
    {file = "selectolax-0.3.21.tar.gz", hash = "sha256:cdf532c0fbad04be1b94bcfbf373df1e1b09edfe9015c9a13fb00291bee8379e"},
]

[package.extras]
cython = ["Cython (==0.29.36)"]

[[package]]
name = "sniffio"
version = "1.3.1"
description = "Sniff out which async library your code is running under"
optional = false
python-versions = ">=3.7"
files = [
    {file = "sniffio-1.3.1-py3-none-any.whl", hash = "sha256:2f6da418d1f1e0fddd844478f41680e794e6051915791a034ff65e5f100525a2"},
    {file = "sniffio-1.3.1.tar.gz", hash = "sha256:f4324edc670a0f49750a81b895f35c3adb843cca46f0530f79fc1babb23789dc"},
]

[[package]]
name = "typing-extensions"
version = "4.11.0"
description = "Backported and Experimental Type Hints for Python 3.8+"
optional = false
python-versions = ">=3.8"
files = [
    {file = "typing_extensions-4.11.0-py3-none-any.whl", hash = "sha256:c1f94d72897edaf4ce775bb7558d5b79d8126906a14ea5ed1635921406c0387a"},
    {file = "typing_extensions-4.11.0.tar.gz", hash = "sha256:83f085bd5ca59c80295fc2a82ab5dac679cbe02b9f33f7d83af68e241bea51b0"},
]

[[package]]
name = "validators"
version = "0.28.1"
description = "Python Data Validation for Humans™"
optional = false
python-versions = ">=3.8"
files = [
    {file = "validators-0.28.1-py3-none-any.whl", hash = "sha256:890c98789ad884037f059af6ea915ec2d667129d509180c2c590b8009a4c4219"},
    {file = "validators-0.28.1.tar.gz", hash = "sha256:5ac88e7916c3405f0ce38ac2ac82a477fcf4d90dbbeddd04c8193171fc17f7dc"},
]

[metadata]
lock-version = "2.0"
python-versions = "^3.12"
content-hash = "95ec26e8f0b7fc8d749f910f6236c2f4386534911de8ae20d1a018fb72950afd"
